
Microsoft Visual Studio Solution File, Format Version 12.00
# Visual Studio Version 16
VisualStudioVersion = 16.0.31129.286
MinimumVisualStudioVersion = 10.0.40219.1
Project("{FAE04EC0-301F-11D3-BF4B-00C04F79EFBC}") = "PruebaAdminTemplate", "PruebaAdminTemplate\PruebaAdminTemplate.csproj", "{1EF65FF9-EA11-40A5-BD24-FB3C7225B1EE}"
EndProject
Global
	GlobalSection(SolutionConfigurationPlatforms) = preSolution
		Debug|Any CPU = Debug|Any CPU
		Release|Any CPU = Release|Any CPU
	EndGlobalSection
	GlobalSection(ProjectConfigurationPlatforms) = postSolution
		{1EF65FF9-EA11-40A5-BD24-FB3C7225B1EE}.Debug|Any CPU.ActiveCfg = Debug|Any CPU
		{1EF65FF9-EA11-40A5-BD24-FB3C7225B1EE}.Debug|Any CPU.Build.0 = Debug|Any CPU
		{1EF65FF9-EA11-40A5-BD24-FB3C7225B1EE}.Release|Any CPU.ActiveCfg = Release|Any CPU
		{1EF65FF9-EA11-40A5-BD24-FB3C7225B1EE}.Release|Any CPU.Build.0 = Release|Any CPU
	EndGlobalSection
	GlobalSection(SolutionProperties) = preSolution
		HideSolutionNode = FALSE
	EndGlobalSection
	GlobalSection(ExtensibilityGlobals) = postSolution
		SolutionGuid = {22C5A6DB-6CCD-4E6A-A4AA-5E47FE668215}
	EndGlobalSection
EndGlobal
